
Microsoft Visual Studio Solution File, Format Version 12.00

Project("{FAE04EC0-301F-11D3-BF4B-00C04F79EFBC}") = "RPKApp0", "RPKApp0\RPKApp0.csproj", "{10EF2A9B-531D-4C40-9A3C-F6D5C0FD778E}"
EndProject
Global
	GlobalSection(SolutionConfigurationPlatforms) = preSolution
		Debug|Any CPU = Debug|Any CPU
		Release|Any CPU = Release|Any CPU
	EndGlobalSection
	GlobalSection(ProjectConfigurationPlatforms) = postSolution
		{2AB980A2-EF8A-471C-98CD-4FC4D435948B}.Debug|Any CPU.ActiveCfg = Debug|Any CPU
		{2AB980A2-EF8A-471C-98CD-4FC4D435948B}.Debug|Any CPU.Build.0 = Debug|Any CPU
		{2AB980A2-EF8A-471C-98CD-4FC4D435948B}.Release|Any CPU.ActiveCfg = Release|Any CPU
		{2AB980A2-EF8A-471C-98CD-4FC4D435948B}.Release|Any CPU.Build.0 = Release|Any CPU
		{2FD21054-6A4C-4B01-8B6A-9E81B58BCA06}.Debug|Any CPU.ActiveCfg = Debug|Any CPU
		{2FD21054-6A4C-4B01-8B6A-9E81B58BCA06}.Debug|Any CPU.Build.0 = Debug|Any CPU
		{2FD21054-6A4C-4B01-8B6A-9E81B58BCA06}.Release|Any CPU.ActiveCfg = Release|Any CPU
		{2FD21054-6A4C-4B01-8B6A-9E81B58BCA06}.Release|Any CPU.Build.0 = Release|Any CPU
		{B9E2163A-63E7-4E56-ABF4-77375F17611F}.Debug|Any CPU.ActiveCfg = Debug|Any CPU
		{B9E2163A-63E7-4E56-ABF4-77375F17611F}.Debug|Any CPU.Build.0 = Debug|Any CPU
		{B9E2163A-63E7-4E56-ABF4-77375F17611F}.Release|Any CPU.ActiveCfg = Release|Any CPU
		{B9E2163A-63E7-4E56-ABF4-77375F17611F}.Release|Any CPU.Build.0 = Release|Any CPU
		{562CB40C-C7D1-4998-86A9-161F48C9035D}.Debug|Any CPU.ActiveCfg = Debug|Any CPU
		{562CB40C-C7D1-4998-86A9-161F48C9035D}.Debug|Any CPU.Build.0 = Debug|Any CPU
		{562CB40C-C7D1-4998-86A9-161F48C9035D}.Release|Any CPU.ActiveCfg = Release|Any CPU
		{562CB40C-C7D1-4998-86A9-161F48C9035D}.Release|Any CPU.Build.0 = Release|Any CPU
		{FA46C68E-2B4B-45BF-8448-27434504DCE8}.Debug|Any CPU.ActiveCfg = Debug|Any CPU
		{FA46C68E-2B4B-45BF-8448-27434504DCE8}.Debug|Any CPU.Build.0 = Debug|Any CPU
		{FA46C68E-2B4B-45BF-8448-27434504DCE8}.Release|Any CPU.ActiveCfg = Release|Any CPU
		{FA46C68E-2B4B-45BF-8448-27434504DCE8}.Release|Any CPU.Build.0 = Release|Any CPU
		{F071721C-3F44-40AC-ACE6-4EBFABF0D579}.Debug|Any CPU.ActiveCfg = Debug|Any CPU
		{F071721C-3F44-40AC-ACE6-4EBFABF0D579}.Debug|Any CPU.Build.0 = Debug|Any CPU
		{F071721C-3F44-40AC-ACE6-4EBFABF0D579}.Release|Any CPU.ActiveCfg = Release|Any CPU
		{F071721C-3F44-40AC-ACE6-4EBFABF0D579}.Release|Any CPU.Build.0 = Release|Any CPU
		{CC615B1B-AFAC-4B61-B8B3-86EC01B6DAFF}.Debug|Any CPU.ActiveCfg = Debug|Any CPU
		{CC615B1B-AFAC-4B61-B8B3-86EC01B6DAFF}.Debug|Any CPU.Build.0 = Debug|Any CPU
		{CC615B1B-AFAC-4B61-B8B3-86EC01B6DAFF}.Release|Any CPU.ActiveCfg = Release|Any CPU
		{CC615B1B-AFAC-4B61-B8B3-86EC01B6DAFF}.Release|Any CPU.Build.0 = Release|Any CPU
		{BB1A183C-8184-4F16-BE7D-3975E0DD364B}.Debug|Any CPU.ActiveCfg = Debug|Any CPU
		{BB1A183C-8184-4F16-BE7D-3975E0DD364B}.Debug|Any CPU.Build.0 = Debug|Any CPU
		{BB1A183C-8184-4F16-BE7D-3975E0DD364B}.Release|Any CPU.ActiveCfg = Release|Any CPU
		{BB1A183C-8184-4F16-BE7D-3975E0DD364B}.Release|Any CPU.Build.0 = Release|Any CPU
		{1D3D73A6-6AD2-49B8-98D2-B23C94D238D8}.Debug|Any CPU.ActiveCfg = Debug|Any CPU
		{1D3D73A6-6AD2-49B8-98D2-B23C94D238D8}.Debug|Any CPU.Build.0 = Debug|Any CPU
		{1D3D73A6-6AD2-49B8-98D2-B23C94D238D8}.Release|Any CPU.ActiveCfg = Release|Any CPU
		{1D3D73A6-6AD2-49B8-98D2-B23C94D238D8}.Release|Any CPU.Build.0 = Release|Any CPU
		{10EF2A9B-531D-4C40-9A3C-F6D5C0FD778E}.Debug|Any CPU.ActiveCfg = Debug|Any CPU
		{10EF2A9B-531D-4C40-9A3C-F6D5C0FD778E}.Debug|Any CPU.Build.0 = Debug|Any CPU
		{10EF2A9B-531D-4C40-9A3C-F6D5C0FD778E}.Release|Any CPU.ActiveCfg = Release|Any CPU
		{10EF2A9B-531D-4C40-9A3C-F6D5C0FD778E}.Release|Any CPU.Build.0 = Release|Any CPU
	EndGlobalSection
EndGlobal
